# THIS IS AN AUTOGENERATED FILE. DO NOT EDIT THIS FILE DIRECTLY.
# yarn lockfile v1


"axios@^0.25.0":
  "integrity" "sha512-cD8FOb0tRH3uuEe6+evtAbgJtfxr7ly3fQjYcMcuPlgkwVS9xboaVIpcDV+cYQe+yGykgwZCs1pzjntcGa6l5g=="
  "resolved" "https://repo.huaweicloud.com/repository/npm/axios/-/axios-0.25.0.tgz"
  "version" "0.25.0"
  dependencies:
    "follow-redirects" "^1.14.7"

"follow-redirects@^1.14.7":
  "integrity" "sha512-1x0S9UVJHsQprFcEC/qnNzBLcIxsjAV905f/UkQxbclCsoTWlacCNOpQa/anodLl2uaEKFhfWOvM2Qg77+15zA=="
  "resolved" "https://repo.huaweicloud.com/repository/npm/follow-redirects/-/follow-redirects-1.14.8.tgz"
  "version" "1.14.8"

"ws@^8.3.0":
  "integrity" "sha512-Gs5EZtpqZzLvmIM59w4igITU57lrtYVFneaa434VROv4thzJyV6UjIL3D42lslWlI+D4KzLYnxSwtfuiO79sNw=="
  "resolved" "https://registry.npmjs.org/ws/-/ws-8.3.0.tgz"
  "version" "8.3.0"
